
Microsoft Visual Studio Solution File, Format Version 12.00
# Visual Studio Version 16
VisualStudioVersion = 16.0.32802.440
MinimumVisualStudioVersion = 10.0.40219.1
Project("{FAE04EC0-301F-11D3-BF4B-00C04F79EFBC}") = "FindACouple", "FindACouple\FindACouple.csproj", "{5F1B5863-E945-4DFD-90B2-AB9FB1BE974C}"
EndProject
Global
	GlobalSection(SolutionConfigurationPlatforms) = preSolution
		Debug|Any CPU = Debug|Any CPU
		Release|Any CPU = Release|Any CPU
	EndGlobalSection
	GlobalSection(ProjectConfigurationPlatforms) = postSolution
		{5F1B5863-E945-4DFD-90B2-AB9FB1BE974C}.Debug|Any CPU.ActiveCfg = Debug|Any CPU
		{5F1B5863-E945-4DFD-90B2-AB9FB1BE974C}.Debug|Any CPU.Build.0 = Debug|Any CPU
		{5F1B5863-E945-4DFD-90B2-AB9FB1BE974C}.Release|Any CPU.ActiveCfg = Release|Any CPU
		{5F1B5863-E945-4DFD-90B2-AB9FB1BE974C}.Release|Any CPU.Build.0 = Release|Any CPU
	EndGlobalSection
	GlobalSection(SolutionProperties) = preSolution
		HideSolutionNode = FALSE
	EndGlobalSection
	GlobalSection(ExtensibilityGlobals) = postSolution
		SolutionGuid = {DD140B64-0E8D-45D7-995D-E1273581D653}
	EndGlobalSection
EndGlobal
